
Microsoft Visual Studio Solution File, Format Version 12.00
# Visual Studio 15
VisualStudioVersion = 15.0.28010.2048
MinimumVisualStudioVersion = 10.0.40219.1
Project("{151D2E53-A2C4-4D7D-83FE-D05416EBD58E}") = "ProvisioningKVResources", "ProvisioningKVResources\ProvisioningKVResources.deployproj", "{183EE69B-D21B-4E42-9F91-8C90E16742EB}"
EndProject
Project("{151D2E53-A2C4-4D7D-83FE-D05416EBD58E}") = "ProvisioningSQLResources", "ProvisioningSQLResources\ProvisioningSQLResources.deployproj", "{DF702D8B-EC56-4BE0-B715-067E51386857}"
EndProject
Global
	GlobalSection(SolutionConfigurationPlatforms) = preSolution
		Debug|Any CPU = Debug|Any CPU
		Release|Any CPU = Release|Any CPU
	EndGlobalSection
	GlobalSection(ProjectConfigurationPlatforms) = postSolution
		{183EE69B-D21B-4E42-9F91-8C90E16742EB}.Debug|Any CPU.ActiveCfg = Debug|Any CPU
		{183EE69B-D21B-4E42-9F91-8C90E16742EB}.Debug|Any CPU.Build.0 = Debug|Any CPU
		{183EE69B-D21B-4E42-9F91-8C90E16742EB}.Release|Any CPU.ActiveCfg = Release|Any CPU
		{183EE69B-D21B-4E42-9F91-8C90E16742EB}.Release|Any CPU.Build.0 = Release|Any CPU
		{DF702D8B-EC56-4BE0-B715-067E51386857}.Debug|Any CPU.ActiveCfg = Debug|Any CPU
		{DF702D8B-EC56-4BE0-B715-067E51386857}.Debug|Any CPU.Build.0 = Debug|Any CPU
		{DF702D8B-EC56-4BE0-B715-067E51386857}.Release|Any CPU.ActiveCfg = Release|Any CPU
		{DF702D8B-EC56-4BE0-B715-067E51386857}.Release|Any CPU.Build.0 = Release|Any CPU
	EndGlobalSection
	GlobalSection(SolutionProperties) = preSolution
		HideSolutionNode = FALSE
	EndGlobalSection
	GlobalSection(ExtensibilityGlobals) = postSolution
		SolutionGuid = {F88562EE-7662-43C3-927D-FB77F2DDABBA}
	EndGlobalSection
EndGlobal
